// !$*UTF8*$!
{
	archiveVersion = 1;
	classes = {
	};
	objectVersion = 46;
	objects = {

/* Begin PBXBuildFile section */
		116C78C11C631E5A00280A54 /* main.m in Sources */ = {isa = PBXBuildFile; fileRef = 116C78C01C631E5A00280A54 /* main.m */; };
		116C78C41C631E5A00280A54 /* AppDelegate.m in Sources */ = {isa = PBXBuildFile; fileRef = 116C78C31C631E5A00280A54 /* AppDelegate.m */; };
		116C78C71C631E5A00280A54 /* ViewController.m in Sources */ = {isa = PBXBuildFile; fileRef = 116C78C61C631E5A00280A54 /* ViewController.m */; };
		116C78CA1C631E5A00280A54 /* Main.storyboard in Resources */ = {isa = PBXBuildFile; fileRef = 116C78C81C631E5A00280A54 /* Main.storyboard */; };
		116C78CC1C631E5A00280A54 /* Assets.xcassets in Resources */ = {isa = PBXBuildFile; fileRef = 116C78CB1C631E5A00280A54 /* Assets.xcassets */; };
		116C78CF1C631E5A00280A54 /* LaunchScreen.storyboard in Resources */ = {isa = PBXBuildFile; fileRef = 116C78CD1C631E5A00280A54 /* LaunchScreen.storyboard */; };
		116C78DA1C631E5A00280A54 /* TorchTests.m in Sources */ = {isa = PBXBuildFile; fileRef = 116C78D91C631E5A00280A54 /* TorchTests.m */; };
		116C78E51C631E5A00280A54 /* TorchUITests.m in Sources */ = {isa = PBXBuildFile; fileRef = 116C78E41C631E5A00280A54 /* TorchUITests.m */; };
/* End PBXBuildFile section */

/* Begin PBXContainerItemProxy section */
		116C78D61C631E5A00280A54 /* PBXContainerItemProxy */ = {
			isa = PBXContainerItemProxy;
			containerPortal = 116C78B41C631E5A00280A54 /* Project object */;
			proxyType = 1;
			remoteGlobalIDString = 116C78BB1C631E5A00280A54;
			remoteInfo = Torch;
		};
		116C78E11C631E5A00280A54 /* PBXContainerItemProxy */ = {
			isa = PBXContainerItemProxy;
			containerPortal = 116C78B41C631E5A00280A54 /* Project object */;
			proxyType = 1;
			remoteGlobalIDString = 116C78BB1C631E5A00280A54;
			remoteInfo = Torch;
		};
/* End PBXContainerItemProxy section */

/* Begin PBXFileReference section */
		116C78BC1C631E5A00280A54 /* Torch.app */ = {isa = PBXFileReference; explicitFileType = wrapper.application; includeInIndex = 0; path = Torch.app; sourceTree = BUILT_PRODUCTS_DIR; };
		116C78C01C631E5A00280A54 /* main.m */ = {isa = PBXFileReference; lastKnownFileType = sourcecode.c.objc; path = main.m; sourceTree = "<group>"; };
		116C78C21C631E5A00280A54 /* AppDelegate.h */ = {isa = PBXFileReference; lastKnownFileType = sourcecode.c.h; path = AppDelegate.h; sourceTree = "<group>"; };
		116C78C31C631E5A00280A54 /* AppDelegate.m */ = {isa = PBXFileReference; lastKnownFileType = sourcecode.c.objc; path = AppDelegate.m; sourceTree = "<group>"; };
		116C78C51C631E5A00280A54 /* ViewController.h */ = {isa = PBXFileReference; lastKnownFileType = sourcecode.c.h; path = ViewController.h; sourceTree = "<group>"; };
		116C78C61C631E5A00280A54 /* ViewController.m */ = {isa = PBXFileReference; lastKnownFileType = sourcecode.c.objc; path = ViewController.m; sourceTree = "<group>"; };
		116C78C91C631E5A00280A54 /* Base */ = {isa = PBXFileReference; lastKnownFileType = file.storyboard; name = Base; path = Base.lproj/Main.storyboard; sourceTree = "<group>"; };
		116C78CB1C631E5A00280A54 /* Assets.xcassets */ = {isa = PBXFileReference; lastKnownFileType = folder.assetcatalog; path = Assets.xcassets; sourceTree = "<group>"; };
		116C78CE1C631E5A00280A54 /* Base */ = {isa = PBXFileReference; lastKnownFileType = file.storyboard; name = Base; path = Base.lproj/LaunchScreen.storyboard; sourceTree = "<group>"; };
		116C78D01C631E5A00280A54 /* Info.plist */ = {isa = PBXFileReference; lastKnownFileType = text.plist.xml; path = Info.plist; sourceTree = "<group>"; };
		116C78D51C631E5A00280A54 /* TorchTests.xctest */ = {isa = PBXFileReference; explicitFileType = wrapper.cfbundle; includeInIndex = 0; path = TorchTests.xctest; sourceTree = BUILT_PRODUCTS_DIR; };
		116C78D91C631E5A00280A54 /* TorchTests.m */ = {isa = PBXFileReference; lastKnownFileType = sourcecode.c.objc; path = TorchTests.m; sourceTree = "<group>"; };
		116C78DB1C631E5A00280A54 /* Info.plist */ = {isa = PBXFileReference; lastKnownFileType = text.plist.xml; path = Info.plist; sourceTree = "<group>"; };
		116C78E01C631E5A00280A54 /* TorchUITests.xctest */ = {isa = PBXFileReference; explicitFileType = wrapper.cfbundle; includeInIndex = 0; path = TorchUITests.xctest; sourceTree = BUILT_PRODUCTS_DIR; };
		116C78E41C631E5A00280A54 /* TorchUITests.m */ = {isa = PBXFileReference; lastKnownFileType = sourcecode.c.objc; path = TorchUITests.m; sourceTree = "<group>"; };
		116C78E61C631E5A00280A54 /* Info.plist */ = {isa = PBXFileReference; lastKnownFileType = text.plist.xml; path = Info.plist; sourceTree = "<group>"; };
/* End PBXFileReference section */

/* Begin PBXFrameworksBuildPhase section */
		116C78B91C631E5A00280A54 /* Frameworks */ = {
			isa = PBXFrameworksBuildPhase;
			buildActionMask = 2147483647;
			files = (
			);
			runOnlyForDeploymentPostprocessing = 0;
		};
		116C78D21C631E5A00280A54 /* Frameworks */ = {
			isa = PBXFrameworksBuildPhase;
			buildActionMask = 2147483647;
			files = (
			);
			runOnlyForDeploymentPostprocessing = 0;
		};
		116C78DD1C631E5A00280A54 /* Frameworks */ = {
			isa = PBXFrameworksBuildPhase;
			buildActionMask = 2147483647;
			files = (
			);
			runOnlyForDeploymentPostprocessing = 0;
		};
/* End PBXFrameworksBuildPhase section */

/* Begin PBXGroup section */
		116C78B31C631E5A00280A54 = {
			isa = PBXGroup;
			children = (
				116C78BE1C631E5A00280A54 /* Torch */,
				116C78D81C631E5A00280A54 /* TorchTests */,
				116C78E31C631E5A00280A54 /* TorchUITests */,
				116C78BD1C631E5A00280A54 /* Products */,
			);
			sourceTree = "<group>";
		};
		116C78BD1C631E5A00280A54 /* Products */ = {
			isa = PBXGroup;
			children = (
				116C78BC1C631E5A00280A54 /* Torch.app */,
				116C78D51C631E5A00280A54 /* TorchTests.xctest */,
				116C78E01C631E5A00280A54 /* TorchUITests.xctest */,
			);
			name = Products;
			sourceTree = "<group>";
		};
		116C78BE1C631E5A00280A54 /* Torch */ = {
			isa = PBXGroup;
			children = (
				116C78C21C631E5A00280A54 /* AppDelegate.h */,
				116C78C31C631E5A00280A54 /* AppDelegate.m */,
				116C78C51C631E5A00280A54 /* ViewController.h */,
				116C78C61C631E5A00280A54 /* ViewController.m */,
				116C78C81C631E5A00280A54 /* Main.storyboard */,
				116C78CB1C631E5A00280A54 /* Assets.xcassets */,
				116C78CD1C631E5A00280A54 /* LaunchScreen.storyboard */,
				116C78D01C631E5A00280A54 /* Info.plist */,
				116C78BF1C631E5A00280A54 /* Supporting Files */,
			);
			path = Torch;
			sourceTree = "<group>";
		};
		116C78BF1C631E5A00280A54 /* Supporting Files */ = {
			isa = PBXGroup;
			children = (
				116C78C01C631E5A00280A54 /* main.m */,
			);
			name = "Supporting Files";
			sourceTree = "<group>";
		};
		116C78D81C631E5A00280A54 /* TorchTests */ = {
			isa = PBXGroup;
			children = (
				116C78D91C631E5A00280A54 /* TorchTests.m */,
				116C78DB1C631E5A00280A54 /* Info.plist */,
			);
			path = TorchTests;
			sourceTree = "<group>";
		};
		116C78E31C631E5A00280A54 /* TorchUITests */ = {
			isa = PBXGroup;
			children = (
				116C78E41C631E5A00280A54 /* TorchUITests.m */,
				116C78E61C631E5A00280A54 /* Info.plist */,
			);
			path = TorchUITests;
			sourceTree = "<group>";
		};
/* End PBXGroup section */

/* Begin PBXNativeTarget section */
		116C78BB1C631E5A00280A54 /* Torch */ = {
			isa = PBXNativeTarget;
			buildConfigurationList = 116C78E91C631E5A00280A54 /* Build configuration list for PBXNativeTarget "Torch" */;
			buildPhases = (
				116C78B81C631E5A00280A54 /* Sources */,
				116C78B91C631E5A00280A54 /* Frameworks */,
				116C78BA1C631E5A00280A54 /* Resources */,
			);
			buildRules = (
			);
			dependencies = (
			);
			name = Torch;
			productName = Torch;
			productReference = 116C78BC1C631E5A00280A54 /* Torch.app */;
			productType = "com.apple.product-type.application";
		};
		116C78D41C631E5A00280A54 /* TorchTests */ = {
			isa = PBXNativeTarget;
			buildConfigurationList = 116C78EC1C631E5A00280A54 /* Build configuration list for PBXNativeTarget "TorchTests" */;
			buildPhases = (
				116C78D11C631E5A00280A54 /* Sources */,
				116C78D21C631E5A00280A54 /* Frameworks */,
				116C78D31C631E5A00280A54 /* Resources */,
			);
			buildRules = (
			);
			dependencies = (
				116C78D71C631E5A00280A54 /* PBXTargetDependency */,
			);
			name = TorchTests;
			productName = TorchTests;
			productReference = 116C78D51C631E5A00280A54 /* TorchTests.xctest */;
			productType = "com.apple.product-type.bundle.unit-test";
		};
		116C78DF1C631E5A00280A54 /* TorchUITests */ = {
			isa = PBXNativeTarget;
			buildConfigurationList = 116C78EF1C631E5A00280A54 /* Build configuration list for PBXNativeTarget "TorchUITests" */;
			buildPhases = (
				116C78DC1C631E5A00280A54 /* Sources */,
				116C78DD1C631E5A00280A54 /* Frameworks */,
				116C78DE1C631E5A00280A54 /* Resources */,
			);
			buildRules = (
			);
			dependencies = (
				116C78E21C631E5A00280A54 /* PBXTargetDependency */,
			);
			name = TorchUITests;
			productName = TorchUITests;
			productReference = 116C78E01C631E5A00280A54 /* TorchUITests.xctest */;
			productType = "com.apple.product-type.bundle.ui-testing";
		};
/* End PBXNativeTarget section */

/* Begin PBXProject section */
		116C78B41C631E5A00280A54 /* Project object */ = {
			isa = PBXProject;
			attributes = {
				LastUpgradeCheck = 0720;
				ORGANIZATIONNAME = Qi;
				TargetAttributes = {
					116C78BB1C631E5A00280A54 = {
						CreatedOnToolsVersion = 7.2;
					};
					116C78D41C631E5A00280A54 = {
						CreatedOnToolsVersion = 7.2;
						TestTargetID = 116C78BB1C631E5A00280A54;
					};
					116C78DF1C631E5A00280A54 = {
						CreatedOnToolsVersion = 7.2;
						TestTargetID = 116C78BB1C631E5A00280A54;
					};
				};
			};
			buildConfigurationList = 116C78B71C631E5A00280A54 /* Build configuration list for PBXProject "Torch" */;
			compatibilityVersion = "Xcode 3.2";
			developmentRegion = English;
			hasScannedForEncodings = 0;
			knownRegions = (
				en,
				Base,
			);
			mainGroup = 116C78B31C631E5A00280A54;
			productRefGroup = 116C78BD1C631E5A00280A54 /* Products */;
			projectDirPath = "";
			projectRoot = "";
			targets = (
				116C78BB1C631E5A00280A54 /* Torch */,
				116C78D41C631E5A00280A54 /* TorchTests */,
				116C78DF1C631E5A00280A54 /* TorchUITests */,
			);
		};
/* End PBXProject section */

/* Begin PBXResourcesBuildPhase section */
		116C78BA1C631E5A00280A54 /* Resources */ = {
			isa = PBXResourcesBuildPhase;
			buildActionMask = 2147483647;
			files = (
				116C78CF1C631E5A00280A54 /* LaunchScreen.storyboard in Resources */,
				116C78CC1C631E5A00280A54 /* Assets.xcassets in Resources */,
				116C78CA1C631E5A00280A54 /* Main.storyboard in Resources */,
			);
			runOnlyForDeploymentPostprocessing = 0;
		};
		116C78D31C631E5A00280A54 /* Resources */ = {
			isa = PBXResourcesBuildPhase;
			buildActionMask = 2147483647;
			files = (
			);
			runOnlyForDeploymentPostprocessing = 0;
		};
		116C78DE1C631E5A00280A54 /* Resources */ = {
			isa = PBXResourcesBuildPhase;
			buildActionMask = 2147483647;
			files = (
			);
			runOnlyForDeploymentPostprocessing = 0;
		};
/* End PBXResourcesBuildPhase section */

/* Begin PBXSourcesBuildPhase section */
		116C78B81C631E5A00280A54 /* Sources */ = {
			isa = PBXSourcesBuildPhase;
			buildActionMask = 2147483647;
			files = (
				116C78C71C631E5A00280A54 /* ViewController.m in Sources */,
				116C78C41C631E5A00280A54 /* AppDelegate.m in Sources */,
				116C78C11C631E5A00280A54 /* main.m in Sources */,
			);
			runOnlyForDeploymentPostprocessing = 0;
		};
		116C78D11C631E5A00280A54 /* Sources */ = {
			isa = PBXSourcesBuildPhase;
			buildActionMask = 2147483647;
			files = (
				116C78DA1C631E5A00280A54 /* TorchTests.m in Sources */,
			);
			runOnlyForDeploymentPostprocessing = 0;
		};
		116C78DC1C631E5A00280A54 /* Sources */ = {
			isa = PBXSourcesBuildPhase;
			buildActionMask = 2147483647;
			files = (
				116C78E51C631E5A00280A54 /* TorchUITests.m in Sources */,
			);
			runOnlyForDeploymentPostprocessing = 0;
		};
/* End PBXSourcesBuildPhase section */

/* Begin PBXTargetDependency section */
		116C78D71C631E5A00280A54 /* PBXTargetDependency */ = {
			isa = PBXTargetDependency;
			target = 116C78BB1C631E5A00280A54 /* Torch */;
			targetProxy = 116C78D61C631E5A00280A54 /* PBXContainerItemProxy */;
		};
		116C78E21C631E5A00280A54 /* PBXTargetDependency */ = {
			isa = PBXTargetDependency;
			target = 116C78BB1C631E5A00280A54 /* Torch */;
			targetProxy = 116C78E11C631E5A00280A54 /* PBXContainerItemProxy */;
		};
/* End PBXTargetDependency section */

/* Begin PBXVariantGroup section */
		116C78C81C631E5A00280A54 /* Main.storyboard */ = {
			isa = PBXVariantGroup;
			children = (
				116C78C91C631E5A00280A54 /* Base */,
			);
			name = Main.storyboard;
			sourceTree = "<group>";
		};
		116C78CD1C631E5A00280A54 /* LaunchScreen.storyboard */ = {
			isa = PBXVariantGroup;
			children = (
				116C78CE1C631E5A00280A54 /* Base */,
			);
			name = LaunchScreen.storyboard;
			sourceTree = "<group>";
		};
/* End PBXVariantGroup section */

/* Begin XCBuildConfiguration section */
		116C78E71C631E5A00280A54 /* Debug */ = {
			isa = XCBuildConfiguration;
			buildSettings = {
				ALWAYS_SEARCH_USER_PATHS = NO;
				CLANG_CXX_LANGUAGE_STANDARD = "gnu++0x";
				CLANG_CXX_LIBRARY = "libc++";
				CLANG_ENABLE_MODULES = YES;
				CLANG_ENABLE_OBJC_ARC = YES;
				CLANG_WARN_BOOL_CONVERSION = YES;
				CLANG_WARN_CONSTANT_CONVERSION = YES;
				CLANG_WARN_DIRECT_OBJC_ISA_USAGE = YES_ERROR;
				CLANG_WARN_EMPTY_BODY = YES;
				CLANG_WARN_ENUM_CONVERSION = YES;
				CLANG_WARN_INT_CONVERSION = YES;
				CLANG_WARN_OBJC_ROOT_CLASS = YES_ERROR;
				CLANG_WARN_UNREACHABLE_CODE = YES;
				CLANG_WARN__DUPLICATE_METHOD_MATCH = YES;
				"CODE_SIGN_IDENTITY[sdk=iphoneos*]" = "iPhone Developer";
				COPY_PHASE_STRIP = NO;
				DEBUG_INFORMATION_FORMAT = dwarf;
				ENABLE_STRICT_OBJC_MSGSEND = YES;
				ENABLE_TESTABILITY = YES;
				GCC_C_LANGUAGE_STANDARD = gnu99;
				GCC_DYNAMIC_NO_PIC = NO;
				GCC_NO_COMMON_BLOCKS = YES;
				GCC_OPTIMIZATION_LEVEL = 0;
				GCC_PREPROCESSOR_DEFINITIONS = (
					"DEBUG=1",
					"$(inherited)",
				);
				GCC_WARN_64_TO_32_BIT_CONVERSION = YES;
				GCC_WARN_ABOUT_RETURN_TYPE = YES_ERROR;
				GCC_WARN_UNDECLARED_SELECTOR = YES;
				GCC_WARN_UNINITIALIZED_AUTOS = YES_AGGRESSIVE;
				GCC_WARN_UNUSED_FUNCTION = YES;
				GCC_WARN_UNUSED_VARIABLE = YES;
				IPHONEOS_DEPLOYMENT_TARGET = 9.2;
				MTL_ENABLE_DEBUG_INFO = YES;
				ONLY_ACTIVE_ARCH = YES;
				SDKROOT = iphoneos;
				TARGETED_DEVICE_FAMILY = "1,2";
			};
			name = Debug;
		};
		116C78E81C631E5A00280A54 /* Release */ = {
			isa = XCBuildConfiguration;
			buildSettings = {
				ALWAYS_SEARCH_USER_PATHS = NO;
				CLANG_CXX_LANGUAGE_STANDARD = "gnu++0x";
				CLANG_CXX_LIBRARY = "libc++";
				CLANG_ENABLE_MODULES = YES;
				CLANG_ENABLE_OBJC_ARC = YES;
				CLANG_WARN_BOOL_CONVERSION = YES;
				CLANG_WARN_CONSTANT_CONVERSION = YES;
				CLANG_WARN_DIRECT_OBJC_ISA_USAGE = YES_ERROR;
				CLANG_WARN_EMPTY_BODY = YES;
				CLANG_WARN_ENUM_CONVERSION = YES;
				CLANG_WARN_INT_CONVERSION = YES;
				CLANG_WARN_OBJC_ROOT_CLASS = YES_ERROR;
				CLANG_WARN_UNREACHABLE_CODE = YES;
				CLANG_WARN__DUPLICATE_METHOD_MATCH = YES;
				"CODE_SIGN_IDENTITY[sdk=iphoneos*]" = "iPhone Developer";
				COPY_PHASE_STRIP = NO;
				DEBUG_INFORMATION_FORMAT = "dwarf-with-dsym";
				ENABLE_NS_ASSERTIONS = NO;
				ENABLE_STRICT_OBJC_MSGSEND = YES;
				GCC_C_LANGUAGE_STANDARD = gnu99;
				GCC_NO_COMMON_BLOCKS = YES;
				GCC_WARN_64_TO_32_BIT_CONVERSION = YES;
				GCC_WARN_ABOUT_RETURN_TYPE = YES_ERROR;
				GCC_WARN_UNDECLARED_SELECTOR = YES;
				GCC_WARN_UNINITIALIZED_AUTOS = YES_AGGRESSIVE;
				GCC_WARN_UNUSED_FUNCTION = YES;
				GCC_WARN_UNUSED_VARIABLE = YES;
				IPHONEOS_DEPLOYMENT_TARGET = 9.2;
				MTL_ENABLE_DEBUG_INFO = NO;
				SDKROOT = iphoneos;
				TARGETED_DEVICE_FAMILY = "1,2";
				VALIDATE_PRODUCT = YES;
			};
			name = Release;
		};
		116C78EA1C631E5A00280A54 /* Debug */ = {
			isa = XCBuildConfiguration;
			buildSettings = {
				ASSETCATALOG_COMPILER_APPICON_NAME = AppIcon;
				INFOPLIST_FILE = Torch/Info.plist;
				LD_RUNPATH_SEARCH_PATHS = "$(inherited) @executable_path/Frameworks";
				PRODUCT_BUNDLE_IDENTIFIER = Green.Torch;
				PRODUCT_NAME = "$(TARGET_NAME)";
			};
			name = Debug;
		};
		116C78EB1C631E5A00280A54 /* Release */ = {
			isa = XCBuildConfiguration;
			buildSettings = {
				ASSETCATALOG_COMPILER_APPICON_NAME = AppIcon;
				INFOPLIST_FILE = Torch/Info.plist;
				LD_RUNPATH_SEARCH_PATHS = "$(inherited) @executable_path/Frameworks";
				PRODUCT_BUNDLE_IDENTIFIER = Green.Torch;
				PRODUCT_NAME = "$(TARGET_NAME)";
			};
			name = Release;
		};
		116C78ED1C631E5A00280A54 /* Debug */ = {
			isa = XCBuildConfiguration;
			buildSettings = {
				BUNDLE_LOADER = "$(TEST_HOST)";
				INFOPLIST_FILE = TorchTests/Info.plist;
				LD_RUNPATH_SEARCH_PATHS = "$(inherited) @executable_path/Frameworks @loader_path/Frameworks";
				PRODUCT_BUNDLE_IDENTIFIER = Green.TorchTests;
				PRODUCT_NAME = "$(TARGET_NAME)";
				TEST_HOST = "$(BUILT_PRODUCTS_DIR)/Torch.app/Torch";
			};
			name = Debug;
		};
		116C78EE1C631E5A00280A54 /* Release */ = {
			isa = XCBuildConfiguration;
			buildSettings = {
				BUNDLE_LOADER = "$(TEST_HOST)";
				INFOPLIST_FILE = TorchTests/Info.plist;
				LD_RUNPATH_SEARCH_PATHS = "$(inherited) @executable_path/Frameworks @loader_path/Frameworks";
				PRODUCT_BUNDLE_IDENTIFIER = Green.TorchTests;
				PRODUCT_NAME = "$(TARGET_NAME)";
				TEST_HOST = "$(BUILT_PRODUCTS_DIR)/Torch.app/Torch";
			};
			name = Release;
		};
		116C78F01C631E5A00280A54 /* Debug */ = {
			isa = XCBuildConfiguration;
			buildSettings = {
				INFOPLIST_FILE = TorchUITests/Info.plist;
				LD_RUNPATH_SEARCH_PATHS = "$(inherited) @executable_path/Frameworks @loader_path/Frameworks";
				PRODUCT_BUNDLE_IDENTIFIER = Green.TorchUITests;
				PRODUCT_NAME = "$(TARGET_NAME)";
				TEST_TARGET_NAME = Torch;
				USES_XCTRUNNER = YES;
			};
			name = Debug;
		};
		116C78F11C631E5A00280A54 /* Release */ = {
			isa = XCBuildConfiguration;
			buildSettings = {
				INFOPLIST_FILE = TorchUITests/Info.plist;
				LD_RUNPATH_SEARCH_PATHS = "$(inherited) @executable_path/Frameworks @loader_path/Frameworks";
				PRODUCT_BUNDLE_IDENTIFIER = Green.TorchUITests;
				PRODUCT_NAME = "$(TARGET_NAME)";
				TEST_TARGET_NAME = Torch;
				USES_XCTRUNNER = YES;
			};
			name = Release;
		};
/* End XCBuildConfiguration section */

/* Begin XCConfigurationList section */
		116C78B71C631E5A00280A54 /* Build configuration list for PBXProject "Torch" */ = {
			isa = XCConfigurationList;
			buildConfigurations = (
				116C78E71C631E5A00280A54 /* Debug */,
				116C78E81C631E5A00280A54 /* Release */,
			);
			defaultConfigurationIsVisible = 0;
			defaultConfigurationName = Release;
		};
		116C78E91C631E5A00280A54 /* Build configuration list for PBXNativeTarget "Torch" */ = {
			isa = XCConfigurationList;
			buildConfigurations = (
				116C78EA1C631E5A00280A54 /* Debug */,
				116C78EB1C631E5A00280A54 /* Release */,
			);
			defaultConfigurationIsVisible = 0;
		};
		116C78EC1C631E5A00280A54 /* Build configuration list for PBXNativeTarget "TorchTests" */ = {
			isa = XCConfigurationList;
			buildConfigurations = (
				116C78ED1C631E5A00280A54 /* Debug */,
				116C78EE1C631E5A00280A54 /* Release */,
			);
			defaultConfigurationIsVisible = 0;
		};
		116C78EF1C631E5A00280A54 /* Build configuration list for PBXNativeTarget "TorchUITests" */ = {
			isa = XCConfigurationList;
			buildConfigurations = (
				116C78F01C631E5A00280A54 /* Debug */,
				116C78F11C631E5A00280A54 /* Release */,
			);
			defaultConfigurationIsVisible = 0;
		};
/* End XCConfigurationList section */
	};
	rootObject = 116C78B41C631E5A00280A54 /* Project object */;
}
